
Microsoft Visual Studio Solution File, Format Version 12.00
# Visual Studio Version 17
VisualStudioVersion = 17.11.35222.181
MinimumVisualStudioVersion = 10.0.40219.1
Project("{FAE04EC0-301F-11D3-BF4B-00C04F79EFBC}") = "dayouAWSWh2", "dayouAWSWh2\dayouAWSWh2.csproj", "{8E651832-DF77-49B7-BE60-8EDF37C96B97}"
EndProject
Global
	GlobalSection(SolutionConfigurationPlatforms) = preSolution
		Debug|Any CPU = Debug|Any CPU
		Release|Any CPU = Release|Any CPU
	EndGlobalSection
	GlobalSection(ProjectConfigurationPlatforms) = postSolution
		{8E651832-DF77-49B7-BE60-8EDF37C96B97}.Debug|Any CPU.ActiveCfg = Debug|Any CPU
		{8E651832-DF77-49B7-BE60-8EDF37C96B97}.Debug|Any CPU.Build.0 = Debug|Any CPU
		{8E651832-DF77-49B7-BE60-8EDF37C96B97}.Release|Any CPU.ActiveCfg = Release|Any CPU
		{8E651832-DF77-49B7-BE60-8EDF37C96B97}.Release|Any CPU.Build.0 = Release|Any CPU
	EndGlobalSection
	GlobalSection(SolutionProperties) = preSolution
		HideSolutionNode = FALSE
	EndGlobalSection
	GlobalSection(ExtensibilityGlobals) = postSolution
		SolutionGuid = {847A8C79-0B9C-47E0-BCBD-4EE96DE54873}
	EndGlobalSection
EndGlobal
